
Microsoft Visual Studio Solution File, Format Version 12.00
# Visual Studio Version 17
VisualStudioVersion = 17.1.32421.90
MinimumVisualStudioVersion = 10.0.40219.1
Project("{9A19103F-16F7-4668-BE54-9A1E7A4F7556}") = "WinFormsApp1", "WinFormsApp1.csproj", "{0628DE6A-65FC-43F2-8935-CE82BC93FF4D}"
EndProject
Global
	GlobalSection(SolutionConfigurationPlatforms) = preSolution
		Debug|Any CPU = Debug|Any CPU
		Release|Any CPU = Release|Any CPU
	EndGlobalSection
	GlobalSection(ProjectConfigurationPlatforms) = postSolution
		{0628DE6A-65FC-43F2-8935-CE82BC93FF4D}.Debug|Any CPU.ActiveCfg = Debug|Any CPU
		{0628DE6A-65FC-43F2-8935-CE82BC93FF4D}.Debug|Any CPU.Build.0 = Debug|Any CPU
		{0628DE6A-65FC-43F2-8935-CE82BC93FF4D}.Release|Any CPU.ActiveCfg = Release|Any CPU
		{0628DE6A-65FC-43F2-8935-CE82BC93FF4D}.Release|Any CPU.Build.0 = Release|Any CPU
	EndGlobalSection
	GlobalSection(SolutionProperties) = preSolution
		HideSolutionNode = FALSE
	EndGlobalSection
	GlobalSection(ExtensibilityGlobals) = postSolution
		SolutionGuid = {42466642-A710-45F5-B3F8-4C6B1608CEEF}
	EndGlobalSection
EndGlobal
